
Microsoft Visual Studio Solution File, Format Version 12.00
# Visual Studio 15
VisualStudioVersion = 15.0.26124.0
MinimumVisualStudioVersion = 15.0.26124.0
Project("{FAE04EC0-301F-11D3-BF4B-00C04F79EFBC}") = "Domain", "Domain\Domain.csproj", "{81189826-E5F9-494D-A6E9-8B154A1EDD98}"
EndProject
Project("{FAE04EC0-301F-11D3-BF4B-00C04F79EFBC}") = "Application", "Application\Application.csproj", "{B153AF8A-AD8C-408B-9A99-1BF636B25936}"
EndProject
Project("{FAE04EC0-301F-11D3-BF4B-00C04F79EFBC}") = "Persistence", "Persistence\Persistence.csproj", "{7941FFBD-C5AC-4ECE-96D4-5E030A539884}"
EndProject
Project("{FAE04EC0-301F-11D3-BF4B-00C04F79EFBC}") = "API", "API\API.csproj", "{DCA3C0E5-74D5-4E5B-81FC-96A02ECB7A5D}"
EndProject
Global
	GlobalSection(SolutionConfigurationPlatforms) = preSolution
		Debug|Any CPU = Debug|Any CPU
		Debug|x64 = Debug|x64
		Debug|x86 = Debug|x86
		Release|Any CPU = Release|Any CPU
		Release|x64 = Release|x64
		Release|x86 = Release|x86
	EndGlobalSection
	GlobalSection(SolutionProperties) = preSolution
		HideSolutionNode = FALSE
	EndGlobalSection
	GlobalSection(ProjectConfigurationPlatforms) = postSolution
		{81189826-E5F9-494D-A6E9-8B154A1EDD98}.Debug|Any CPU.ActiveCfg = Debug|Any CPU
		{81189826-E5F9-494D-A6E9-8B154A1EDD98}.Debug|Any CPU.Build.0 = Debug|Any CPU
		{81189826-E5F9-494D-A6E9-8B154A1EDD98}.Debug|x64.ActiveCfg = Debug|Any CPU
		{81189826-E5F9-494D-A6E9-8B154A1EDD98}.Debug|x64.Build.0 = Debug|Any CPU
		{81189826-E5F9-494D-A6E9-8B154A1EDD98}.Debug|x86.ActiveCfg = Debug|Any CPU
		{81189826-E5F9-494D-A6E9-8B154A1EDD98}.Debug|x86.Build.0 = Debug|Any CPU
		{81189826-E5F9-494D-A6E9-8B154A1EDD98}.Release|Any CPU.ActiveCfg = Release|Any CPU
		{81189826-E5F9-494D-A6E9-8B154A1EDD98}.Release|Any CPU.Build.0 = Release|Any CPU
		{81189826-E5F9-494D-A6E9-8B154A1EDD98}.Release|x64.ActiveCfg = Release|Any CPU
		{81189826-E5F9-494D-A6E9-8B154A1EDD98}.Release|x64.Build.0 = Release|Any CPU
		{81189826-E5F9-494D-A6E9-8B154A1EDD98}.Release|x86.ActiveCfg = Release|Any CPU
		{81189826-E5F9-494D-A6E9-8B154A1EDD98}.Release|x86.Build.0 = Release|Any CPU
		{B153AF8A-AD8C-408B-9A99-1BF636B25936}.Debug|Any CPU.ActiveCfg = Debug|Any CPU
		{B153AF8A-AD8C-408B-9A99-1BF636B25936}.Debug|Any CPU.Build.0 = Debug|Any CPU
		{B153AF8A-AD8C-408B-9A99-1BF636B25936}.Debug|x64.ActiveCfg = Debug|Any CPU
		{B153AF8A-AD8C-408B-9A99-1BF636B25936}.Debug|x64.Build.0 = Debug|Any CPU
		{B153AF8A-AD8C-408B-9A99-1BF636B25936}.Debug|x86.ActiveCfg = Debug|Any CPU
		{B153AF8A-AD8C-408B-9A99-1BF636B25936}.Debug|x86.Build.0 = Debug|Any CPU
		{B153AF8A-AD8C-408B-9A99-1BF636B25936}.Release|Any CPU.ActiveCfg = Release|Any CPU
		{B153AF8A-AD8C-408B-9A99-1BF636B25936}.Release|Any CPU.Build.0 = Release|Any CPU
		{B153AF8A-AD8C-408B-9A99-1BF636B25936}.Release|x64.ActiveCfg = Release|Any CPU
		{B153AF8A-AD8C-408B-9A99-1BF636B25936}.Release|x64.Build.0 = Release|Any CPU
		{B153AF8A-AD8C-408B-9A99-1BF636B25936}.Release|x86.ActiveCfg = Release|Any CPU
		{B153AF8A-AD8C-408B-9A99-1BF636B25936}.Release|x86.Build.0 = Release|Any CPU
		{7941FFBD-C5AC-4ECE-96D4-5E030A539884}.Debug|Any CPU.ActiveCfg = Debug|Any CPU
		{7941FFBD-C5AC-4ECE-96D4-5E030A539884}.Debug|Any CPU.Build.0 = Debug|Any CPU
		{7941FFBD-C5AC-4ECE-96D4-5E030A539884}.Debug|x64.ActiveCfg = Debug|Any CPU
		{7941FFBD-C5AC-4ECE-96D4-5E030A539884}.Debug|x64.Build.0 = Debug|Any CPU
		{7941FFBD-C5AC-4ECE-96D4-5E030A539884}.Debug|x86.ActiveCfg = Debug|Any CPU
		{7941FFBD-C5AC-4ECE-96D4-5E030A539884}.Debug|x86.Build.0 = Debug|Any CPU
		{7941FFBD-C5AC-4ECE-96D4-5E030A539884}.Release|Any CPU.ActiveCfg = Release|Any CPU
		{7941FFBD-C5AC-4ECE-96D4-5E030A539884}.Release|Any CPU.Build.0 = Release|Any CPU
		{7941FFBD-C5AC-4ECE-96D4-5E030A539884}.Release|x64.ActiveCfg = Release|Any CPU
		{7941FFBD-C5AC-4ECE-96D4-5E030A539884}.Release|x64.Build.0 = Release|Any CPU
		{7941FFBD-C5AC-4ECE-96D4-5E030A539884}.Release|x86.ActiveCfg = Release|Any CPU
		{7941FFBD-C5AC-4ECE-96D4-5E030A539884}.Release|x86.Build.0 = Release|Any CPU
		{DCA3C0E5-74D5-4E5B-81FC-96A02ECB7A5D}.Debug|Any CPU.ActiveCfg = Debug|Any CPU
		{DCA3C0E5-74D5-4E5B-81FC-96A02ECB7A5D}.Debug|Any CPU.Build.0 = Debug|Any CPU
		{DCA3C0E5-74D5-4E5B-81FC-96A02ECB7A5D}.Debug|x64.ActiveCfg = Debug|Any CPU
		{DCA3C0E5-74D5-4E5B-81FC-96A02ECB7A5D}.Debug|x64.Build.0 = Debug|Any CPU
		{DCA3C0E5-74D5-4E5B-81FC-96A02ECB7A5D}.Debug|x86.ActiveCfg = Debug|Any CPU
		{DCA3C0E5-74D5-4E5B-81FC-96A02ECB7A5D}.Debug|x86.Build.0 = Debug|Any CPU
		{DCA3C0E5-74D5-4E5B-81FC-96A02ECB7A5D}.Release|Any CPU.ActiveCfg = Release|Any CPU
		{DCA3C0E5-74D5-4E5B-81FC-96A02ECB7A5D}.Release|Any CPU.Build.0 = Release|Any CPU
		{DCA3C0E5-74D5-4E5B-81FC-96A02ECB7A5D}.Release|x64.ActiveCfg = Release|Any CPU
		{DCA3C0E5-74D5-4E5B-81FC-96A02ECB7A5D}.Release|x64.Build.0 = Release|Any CPU
		{DCA3C0E5-74D5-4E5B-81FC-96A02ECB7A5D}.Release|x86.ActiveCfg = Release|Any CPU
		{DCA3C0E5-74D5-4E5B-81FC-96A02ECB7A5D}.Release|x86.Build.0 = Release|Any CPU
	EndGlobalSection
EndGlobal
